
Microsoft Visual Studio Solution File, Format Version 12.00
# Visual Studio 15
VisualStudioVersion = 15.0.28307.852
MinimumVisualStudioVersion = 10.0.40219.1
Project("{FAE04EC0-301F-11D3-BF4B-00C04F79EFBC}") = "Hes.Singleton", "Hes.Singleton\Hes.Singleton.csproj", "{29D6375B-E0EF-45B9-8115-2EB9C9BB6DE8}"
EndProject
Project("{FAE04EC0-301F-11D3-BF4B-00C04F79EFBC}") = "Hes.Singleton.Example", "Hes.Singleton.Example\Hes.Singleton.Example.csproj", "{DB021B0B-355A-4C5E-9F3B-E0AC3793D54C}"
EndProject
Global
	GlobalSection(SolutionConfigurationPlatforms) = preSolution
		Debug|Any CPU = Debug|Any CPU
		Release|Any CPU = Release|Any CPU
	EndGlobalSection
	GlobalSection(ProjectConfigurationPlatforms) = postSolution
		{29D6375B-E0EF-45B9-8115-2EB9C9BB6DE8}.Debug|Any CPU.ActiveCfg = Debug|Any CPU
		{29D6375B-E0EF-45B9-8115-2EB9C9BB6DE8}.Debug|Any CPU.Build.0 = Debug|Any CPU
		{29D6375B-E0EF-45B9-8115-2EB9C9BB6DE8}.Release|Any CPU.ActiveCfg = Release|Any CPU
		{29D6375B-E0EF-45B9-8115-2EB9C9BB6DE8}.Release|Any CPU.Build.0 = Release|Any CPU
		{DB021B0B-355A-4C5E-9F3B-E0AC3793D54C}.Debug|Any CPU.ActiveCfg = Debug|Any CPU
		{DB021B0B-355A-4C5E-9F3B-E0AC3793D54C}.Debug|Any CPU.Build.0 = Debug|Any CPU
		{DB021B0B-355A-4C5E-9F3B-E0AC3793D54C}.Release|Any CPU.ActiveCfg = Release|Any CPU
		{DB021B0B-355A-4C5E-9F3B-E0AC3793D54C}.Release|Any CPU.Build.0 = Release|Any CPU
	EndGlobalSection
	GlobalSection(SolutionProperties) = preSolution
		HideSolutionNode = FALSE
	EndGlobalSection
	GlobalSection(ExtensibilityGlobals) = postSolution
		SolutionGuid = {A774773A-50F2-495E-B468-30647EBE584A}
	EndGlobalSection
EndGlobal
